
Microsoft Visual Studio Solution File, Format Version 12.00
# Visual Studio 15
VisualStudioVersion = 15.0.27004.2002
MinimumVisualStudioVersion = 10.0.40219.1
Project("{FAE04EC0-301F-11D3-BF4B-00C04F79EFBC}") = "ExtremeStudio", "ExtremeStudio\ExtremeStudio.csproj", "{A050F841-3C6F-4D86-A607-D139EC7AD051}"
EndProject
Project("{FAE04EC0-301F-11D3-BF4B-00C04F79EFBC}") = "ExtremeCore", "ExtremeCore\ExtremeCore.csproj", "{E38216AD-0F1A-4064-8FF9-F74386450A9D}"
EndProject
Project("{FAE04EC0-301F-11D3-BF4B-00C04F79EFBC}") = "ExtremeParser", "ExtremeParser\ExtremeParser.csproj", "{806B3C30-9A50-47D0-A785-854AE41B7B94}"
EndProject
Global
	GlobalSection(SolutionConfigurationPlatforms) = preSolution
		Debug|Any CPU = Debug|Any CPU
		Release|Any CPU = Release|Any CPU
	EndGlobalSection
	GlobalSection(ProjectConfigurationPlatforms) = postSolution
		{A050F841-3C6F-4D86-A607-D139EC7AD051}.Debug|Any CPU.ActiveCfg = Debug|Any CPU
		{A050F841-3C6F-4D86-A607-D139EC7AD051}.Debug|Any CPU.Build.0 = Debug|Any CPU
		{A050F841-3C6F-4D86-A607-D139EC7AD051}.Release|Any CPU.ActiveCfg = Release|Any CPU
		{A050F841-3C6F-4D86-A607-D139EC7AD051}.Release|Any CPU.Build.0 = Release|Any CPU
		{E38216AD-0F1A-4064-8FF9-F74386450A9D}.Debug|Any CPU.ActiveCfg = Debug|Any CPU
		{E38216AD-0F1A-4064-8FF9-F74386450A9D}.Debug|Any CPU.Build.0 = Debug|Any CPU
		{E38216AD-0F1A-4064-8FF9-F74386450A9D}.Release|Any CPU.ActiveCfg = Release|Any CPU
		{E38216AD-0F1A-4064-8FF9-F74386450A9D}.Release|Any CPU.Build.0 = Release|Any CPU
		{806B3C30-9A50-47D0-A785-854AE41B7B94}.Debug|Any CPU.ActiveCfg = Debug|Any CPU
		{806B3C30-9A50-47D0-A785-854AE41B7B94}.Debug|Any CPU.Build.0 = Debug|Any CPU
		{806B3C30-9A50-47D0-A785-854AE41B7B94}.Release|Any CPU.ActiveCfg = Release|Any CPU
		{806B3C30-9A50-47D0-A785-854AE41B7B94}.Release|Any CPU.Build.0 = Release|Any CPU
	EndGlobalSection
	GlobalSection(SolutionProperties) = preSolution
		HideSolutionNode = FALSE
	EndGlobalSection
	GlobalSection(ExtensibilityGlobals) = postSolution
		SolutionGuid = {82A078FE-78E7-4B41-99AC-7CBE020A9285}
	EndGlobalSection
EndGlobal
