
Microsoft Visual Studio Solution File, Format Version 12.00
# Visual Studio 14
VisualStudioVersion = 14.0.25123.0
MinimumVisualStudioVersion = 10.0.40219.1
Project("{FAE04EC0-301F-11D3-BF4B-00C04F79EFBC}") = "ExtremeStudio", "ExtremeStudio\ExtremeStudio.csproj", "{239CA12B-218C-4EA9-A98C-5ACEA0FFBC65}"
EndProject
Project("{FAE04EC0-301F-11D3-BF4B-00C04F79EFBC}") = "ExtremeStudio.Parser", "ExtremeStudio.Parser\ExtremeStudio.Parser.csproj", "{4CAB13D5-8271-4DDD-AEFA-5E479F8AF7D3}"
EndProject
Project("{FAE04EC0-301F-11D3-BF4B-00C04F79EFBC}") = "ExtremeStudio.Core", "ExtremeStudio.Core\ExtremeStudio.Core.csproj", "{2B4112FB-E966-40AF-8EDF-A7DF3AB0E54C}"
EndProject
Global
	GlobalSection(SolutionConfigurationPlatforms) = preSolution
		Debug|Any CPU = Debug|Any CPU
		Release|Any CPU = Release|Any CPU
	EndGlobalSection
	GlobalSection(ProjectConfigurationPlatforms) = postSolution
		{239CA12B-218C-4EA9-A98C-5ACEA0FFBC65}.Debug|Any CPU.ActiveCfg = Debug|Any CPU
		{239CA12B-218C-4EA9-A98C-5ACEA0FFBC65}.Debug|Any CPU.Build.0 = Debug|Any CPU
		{239CA12B-218C-4EA9-A98C-5ACEA0FFBC65}.Release|Any CPU.ActiveCfg = Release|Any CPU
		{239CA12B-218C-4EA9-A98C-5ACEA0FFBC65}.Release|Any CPU.Build.0 = Release|Any CPU
		{4CAB13D5-8271-4DDD-AEFA-5E479F8AF7D3}.Debug|Any CPU.ActiveCfg = Debug|Any CPU
		{4CAB13D5-8271-4DDD-AEFA-5E479F8AF7D3}.Debug|Any CPU.Build.0 = Debug|Any CPU
		{4CAB13D5-8271-4DDD-AEFA-5E479F8AF7D3}.Release|Any CPU.ActiveCfg = Release|Any CPU
		{4CAB13D5-8271-4DDD-AEFA-5E479F8AF7D3}.Release|Any CPU.Build.0 = Release|Any CPU
		{2B4112FB-E966-40AF-8EDF-A7DF3AB0E54C}.Debug|Any CPU.ActiveCfg = Debug|Any CPU
		{2B4112FB-E966-40AF-8EDF-A7DF3AB0E54C}.Debug|Any CPU.Build.0 = Debug|Any CPU
		{2B4112FB-E966-40AF-8EDF-A7DF3AB0E54C}.Release|Any CPU.ActiveCfg = Release|Any CPU
		{2B4112FB-E966-40AF-8EDF-A7DF3AB0E54C}.Release|Any CPU.Build.0 = Release|Any CPU
	EndGlobalSection
	GlobalSection(SolutionProperties) = preSolution
		HideSolutionNode = FALSE
	EndGlobalSection
EndGlobal
